// !$*UTF8*$!
{
	archiveVersion = 1;
	classes = {
	};
	objectVersion = 46;
	objects = {

/* Begin PBXBuildFile section */
		9657310B1E1A57AF00576A95 /* AppDelegate.swift in Sources */ = {isa = PBXBuildFile; fileRef = 9657310A1E1A57AF00576A95 /* AppDelegate.swift */; };
		9657310D1E1A57AF00576A95 /* ViewController.swift in Sources */ = {isa = PBXBuildFile; fileRef = 9657310C1E1A57AF00576A95 /* ViewController.swift */; };
		965731101E1A57AF00576A95 /* Main.storyboard in Resources */ = {isa = PBXBuildFile; fileRef = 9657310E1E1A57AF00576A95 /* Main.storyboard */; };
		965731121E1A57AF00576A95 /* Assets.xcassets in Resources */ = {isa = PBXBuildFile; fileRef = 965731111E1A57AF00576A95 /* Assets.xcassets */; };
		965731151E1A57AF00576A95 /* LaunchScreen.storyboard in Resources */ = {isa = PBXBuildFile; fileRef = 965731131E1A57AF00576A95 /* LaunchScreen.storyboard */; };
		9657311E1E1A57DF00576A95 /* popUpUIViewController.swift in Sources */ = {isa = PBXBuildFile; fileRef = 9657311C1E1A57DF00576A95 /* popUpUIViewController.swift */; };
		9657311F1E1A57DF00576A95 /* popUpUIViewController.xib in Resources */ = {isa = PBXBuildFile; fileRef = 9657311D1E1A57DF00576A95 /* popUpUIViewController.xib */; };
/* End PBXBuildFile section */

/* Begin PBXFileReference section */
		965731071E1A57AF00576A95 /* popUpUIVIewTest.app */ = {isa = PBXFileReference; explicitFileType = wrapper.application; includeInIndex = 0; path = popUpUIVIewTest.app; sourceTree = BUILT_PRODUCTS_DIR; };
		9657310A1E1A57AF00576A95 /* AppDelegate.swift */ = {isa = PBXFileReference; lastKnownFileType = sourcecode.swift; path = AppDelegate.swift; sourceTree = "<group>"; };
		9657310C1E1A57AF00576A95 /* ViewController.swift */ = {isa = PBXFileReference; lastKnownFileType = sourcecode.swift; path = ViewController.swift; sourceTree = "<group>"; };
		9657310F1E1A57AF00576A95 /* Base */ = {isa = PBXFileReference; lastKnownFileType = file.storyboard; name = Base; path = Base.lproj/Main.storyboard; sourceTree = "<group>"; };
		965731111E1A57AF00576A95 /* Assets.xcassets */ = {isa = PBXFileReference; lastKnownFileType = folder.assetcatalog; path = Assets.xcassets; sourceTree = "<group>"; };
		965731141E1A57AF00576A95 /* Base */ = {isa = PBXFileReference; lastKnownFileType = file.storyboard; name = Base; path = Base.lproj/LaunchScreen.storyboard; sourceTree = "<group>"; };
		965731161E1A57AF00576A95 /* Info.plist */ = {isa = PBXFileReference; lastKnownFileType = text.plist.xml; path = Info.plist; sourceTree = "<group>"; };
		9657311C1E1A57DF00576A95 /* popUpUIViewController.swift */ = {isa = PBXFileReference; fileEncoding = 4; lastKnownFileType = sourcecode.swift; path = popUpUIViewController.swift; sourceTree = "<group>"; };
		9657311D1E1A57DF00576A95 /* popUpUIViewController.xib */ = {isa = PBXFileReference; fileEncoding = 4; lastKnownFileType = file.xib; path = popUpUIViewController.xib; sourceTree = "<group>"; };
/* End PBXFileReference section */

/* Begin PBXFrameworksBuildPhase section */
		965731041E1A57AF00576A95 /* Frameworks */ = {
			isa = PBXFrameworksBuildPhase;
			buildActionMask = 2147483647;
			files = (
			);
			runOnlyForDeploymentPostprocessing = 0;
		};
/* End PBXFrameworksBuildPhase section */

/* Begin PBXGroup section */
		965730FE1E1A57AF00576A95 = {
			isa = PBXGroup;
			children = (
				965731091E1A57AF00576A95 /* popUpUIVIewTest */,
				965731081E1A57AF00576A95 /* Products */,
			);
			sourceTree = "<group>";
		};
		965731081E1A57AF00576A95 /* Products */ = {
			isa = PBXGroup;
			children = (
				965731071E1A57AF00576A95 /* popUpUIVIewTest.app */,
			);
			name = Products;
			sourceTree = "<group>";
		};
		965731091E1A57AF00576A95 /* popUpUIVIewTest */ = {
			isa = PBXGroup;
			children = (
				9657310A1E1A57AF00576A95 /* AppDelegate.swift */,
				9657310C1E1A57AF00576A95 /* ViewController.swift */,
				9657310E1E1A57AF00576A95 /* Main.storyboard */,
				965731111E1A57AF00576A95 /* Assets.xcassets */,
				965731131E1A57AF00576A95 /* LaunchScreen.storyboard */,
				965731161E1A57AF00576A95 /* Info.plist */,
				9657311C1E1A57DF00576A95 /* popUpUIViewController.swift */,
				9657311D1E1A57DF00576A95 /* popUpUIViewController.xib */,
			);
			path = popUpUIVIewTest;
			sourceTree = "<group>";
		};
/* End PBXGroup section */

/* Begin PBXNativeTarget section */
		965731061E1A57AF00576A95 /* popUpUIVIewTest */ = {
			isa = PBXNativeTarget;
			buildConfigurationList = 965731191E1A57AF00576A95 /* Build configuration list for PBXNativeTarget "popUpUIVIewTest" */;
			buildPhases = (
				965731031E1A57AF00576A95 /* Sources */,
				965731041E1A57AF00576A95 /* Frameworks */,
				965731051E1A57AF00576A95 /* Resources */,
			);
			buildRules = (
			);
			dependencies = (
			);
			name = popUpUIVIewTest;
			productName = popUpUIVIewTest;
			productReference = 965731071E1A57AF00576A95 /* popUpUIVIewTest.app */;
			productType = "com.apple.product-type.application";
		};
/* End PBXNativeTarget section */

/* Begin PBXProject section */
		965730FF1E1A57AF00576A95 /* Project object */ = {
			isa = PBXProject;
			attributes = {
				LastSwiftUpdateCheck = 0730;
				LastUpgradeCheck = 0730;
				ORGANIZATIONNAME = isapanah;
				TargetAttributes = {
					965731061E1A57AF00576A95 = {
						CreatedOnToolsVersion = 7.3.1;
						DevelopmentTeam = DWGA7AG5FS;
					};
				};
			};
			buildConfigurationList = 965731021E1A57AF00576A95 /* Build configuration list for PBXProject "popUpUIVIewTest" */;
			compatibilityVersion = "Xcode 3.2";
			developmentRegion = English;
			hasScannedForEncodings = 0;
			knownRegions = (
				en,
				Base,
			);
			mainGroup = 965730FE1E1A57AF00576A95;
			productRefGroup = 965731081E1A57AF00576A95 /* Products */;
			projectDirPath = "";
			projectRoot = "";
			targets = (
				965731061E1A57AF00576A95 /* popUpUIVIewTest */,
			);
		};
/* End PBXProject section */

/* Begin PBXResourcesBuildPhase section */
		965731051E1A57AF00576A95 /* Resources */ = {
			isa = PBXResourcesBuildPhase;
			buildActionMask = 2147483647;
			files = (
				965731151E1A57AF00576A95 /* LaunchScreen.storyboard in Resources */,
				965731121E1A57AF00576A95 /* Assets.xcassets in Resources */,
				965731101E1A57AF00576A95 /* Main.storyboard in Resources */,
				9657311F1E1A57DF00576A95 /* popUpUIViewController.xib in Resources */,
			);
			runOnlyForDeploymentPostprocessing = 0;
		};
/* End PBXResourcesBuildPhase section */

/* Begin PBXSourcesBuildPhase section */
		965731031E1A57AF00576A95 /* Sources */ = {
			isa = PBXSourcesBuildPhase;
			buildActionMask = 2147483647;
			files = (
				9657310D1E1A57AF00576A95 /* ViewController.swift in Sources */,
				9657310B1E1A57AF00576A95 /* AppDelegate.swift in Sources */,
				9657311E1E1A57DF00576A95 /* popUpUIViewController.swift in Sources */,
			);
			runOnlyForDeploymentPostprocessing = 0;
		};
/* End PBXSourcesBuildPhase section */

/* Begin PBXVariantGroup section */
		9657310E1E1A57AF00576A95 /* Main.storyboard */ = {
			isa = PBXVariantGroup;
			children = (
				9657310F1E1A57AF00576A95 /* Base */,
			);
			name = Main.storyboard;
			sourceTree = "<group>";
		};
		965731131E1A57AF00576A95 /* LaunchScreen.storyboard */ = {
			isa = PBXVariantGroup;
			children = (
				965731141E1A57AF00576A95 /* Base */,
			);
			name = LaunchScreen.storyboard;
			sourceTree = "<group>";
		};
/* End PBXVariantGroup section */

/* Begin XCBuildConfiguration section */
		965731171E1A57AF00576A95 /* Debug */ = {
			isa = XCBuildConfiguration;
			buildSettings = {
				ALWAYS_SEARCH_USER_PATHS = NO;
				CLANG_ANALYZER_NONNULL = YES;
				CLANG_CXX_LANGUAGE_STANDARD = "gnu++0x";
				CLANG_CXX_LIBRARY = "libc++";
				CLANG_ENABLE_MODULES = YES;
				CLANG_ENABLE_OBJC_ARC = YES;
				CLANG_WARN_BOOL_CONVERSION = YES;
				CLANG_WARN_CONSTANT_CONVERSION = YES;
				CLANG_WARN_DIRECT_OBJC_ISA_USAGE = YES_ERROR;
				CLANG_WARN_EMPTY_BODY = YES;
				CLANG_WARN_ENUM_CONVERSION = YES;
				CLANG_WARN_INT_CONVERSION = YES;
				CLANG_WARN_OBJC_ROOT_CLASS = YES_ERROR;
				CLANG_WARN_UNREACHABLE_CODE = YES;
				CLANG_WARN__DUPLICATE_METHOD_MATCH = YES;
				"CODE_SIGN_IDENTITY[sdk=iphoneos*]" = "iPhone Developer";
				COPY_PHASE_STRIP = NO;
				DEBUG_INFORMATION_FORMAT = dwarf;
				ENABLE_STRICT_OBJC_MSGSEND = YES;
				ENABLE_TESTABILITY = YES;
				GCC_C_LANGUAGE_STANDARD = gnu99;
				GCC_DYNAMIC_NO_PIC = NO;
				GCC_NO_COMMON_BLOCKS = YES;
				GCC_OPTIMIZATION_LEVEL = 0;
				GCC_PREPROCESSOR_DEFINITIONS = (
					"DEBUG=1",
					"$(inherited)",
				);
				GCC_WARN_64_TO_32_BIT_CONVERSION = YES;
				GCC_WARN_ABOUT_RETURN_TYPE = YES_ERROR;
				GCC_WARN_UNDECLARED_SELECTOR = YES;
				GCC_WARN_UNINITIALIZED_AUTOS = YES_AGGRESSIVE;
				GCC_WARN_UNUSED_FUNCTION = YES;
				GCC_WARN_UNUSED_VARIABLE = YES;
				IPHONEOS_DEPLOYMENT_TARGET = 9.3;
				MTL_ENABLE_DEBUG_INFO = YES;
				ONLY_ACTIVE_ARCH = YES;
				SDKROOT = iphoneos;
				SWIFT_OPTIMIZATION_LEVEL = "-Onone";
				TARGETED_DEVICE_FAMILY = "1,2";
			};
			name = Debug;
		};
		965731181E1A57AF00576A95 /* Release */ = {
			isa = XCBuildConfiguration;
			buildSettings = {
				ALWAYS_SEARCH_USER_PATHS = NO;
				CLANG_ANALYZER_NONNULL = YES;
				CLANG_CXX_LANGUAGE_STANDARD = "gnu++0x";
				CLANG_CXX_LIBRARY = "libc++";
				CLANG_ENABLE_MODULES = YES;
				CLANG_ENABLE_OBJC_ARC = YES;
				CLANG_WARN_BOOL_CONVERSION = YES;
				CLANG_WARN_CONSTANT_CONVERSION = YES;
				CLANG_WARN_DIRECT_OBJC_ISA_USAGE = YES_ERROR;
				CLANG_WARN_EMPTY_BODY = YES;
				CLANG_WARN_ENUM_CONVERSION = YES;
				CLANG_WARN_INT_CONVERSION = YES;
				CLANG_WARN_OBJC_ROOT_CLASS = YES_ERROR;
				CLANG_WARN_UNREACHABLE_CODE = YES;
				CLANG_WARN__DUPLICATE_METHOD_MATCH = YES;
				"CODE_SIGN_IDENTITY[sdk=iphoneos*]" = "iPhone Developer";
				COPY_PHASE_STRIP = NO;
				DEBUG_INFORMATION_FORMAT = "dwarf-with-dsym";
				ENABLE_NS_ASSERTIONS = NO;
				ENABLE_STRICT_OBJC_MSGSEND = YES;
				GCC_C_LANGUAGE_STANDARD = gnu99;
				GCC_NO_COMMON_BLOCKS = YES;
				GCC_WARN_64_TO_32_BIT_CONVERSION = YES;
				GCC_WARN_ABOUT_RETURN_TYPE = YES_ERROR;
				GCC_WARN_UNDECLARED_SELECTOR = YES;
				GCC_WARN_UNINITIALIZED_AUTOS = YES_AGGRESSIVE;
				GCC_WARN_UNUSED_FUNCTION = YES;
				GCC_WARN_UNUSED_VARIABLE = YES;
				IPHONEOS_DEPLOYMENT_TARGET = 9.3;
				MTL_ENABLE_DEBUG_INFO = NO;
				SDKROOT = iphoneos;
				TARGETED_DEVICE_FAMILY = "1,2";
				VALIDATE_PRODUCT = YES;
			};
			name = Release;
		};
		9657311A1E1A57AF00576A95 /* Debug */ = {
			isa = XCBuildConfiguration;
			buildSettings = {
				ASSETCATALOG_COMPILER_APPICON_NAME = AppIcon;
				INFOPLIST_FILE = popUpUIVIewTest/Info.plist;
				IPHONEOS_DEPLOYMENT_TARGET = 9.0;
				LD_RUNPATH_SEARCH_PATHS = "$(inherited) @executable_path/Frameworks";
				PRODUCT_BUNDLE_IDENTIFIER = isapanah.com.popUpUIVIewTest;
				PRODUCT_NAME = "$(TARGET_NAME)";
			};
			name = Debug;
		};
		9657311B1E1A57AF00576A95 /* Release */ = {
			isa = XCBuildConfiguration;
			buildSettings = {
				ASSETCATALOG_COMPILER_APPICON_NAME = AppIcon;
				INFOPLIST_FILE = popUpUIVIewTest/Info.plist;
				IPHONEOS_DEPLOYMENT_TARGET = 9.0;
				LD_RUNPATH_SEARCH_PATHS = "$(inherited) @executable_path/Frameworks";
				PRODUCT_BUNDLE_IDENTIFIER = isapanah.com.popUpUIVIewTest;
				PRODUCT_NAME = "$(TARGET_NAME)";
			};
			name = Release;
		};
/* End XCBuildConfiguration section */

/* Begin XCConfigurationList section */
		965731021E1A57AF00576A95 /* Build configuration list for PBXProject "popUpUIVIewTest" */ = {
			isa = XCConfigurationList;
			buildConfigurations = (
				965731171E1A57AF00576A95 /* Debug */,
				965731181E1A57AF00576A95 /* Release */,
			);
			defaultConfigurationIsVisible = 0;
			defaultConfigurationName = Release;
		};
		965731191E1A57AF00576A95 /* Build configuration list for PBXNativeTarget "popUpUIVIewTest" */ = {
			isa = XCConfigurationList;
			buildConfigurations = (
				9657311A1E1A57AF00576A95 /* Debug */,
				9657311B1E1A57AF00576A95 /* Release */,
			);
			defaultConfigurationIsVisible = 0;
		};
/* End XCConfigurationList section */
	};
	rootObject = 965730FF1E1A57AF00576A95 /* Project object */;
}
